// !$*UTF8*$!
{
	archiveVersion = 1;
	classes = {
	};
	objectVersion = 45;
	objects = {

/* Begin PBXBuildFile section */
		5378FD6B128EDA5400D874FD /* MARuntime.h in Headers */ = {isa = PBXBuildFile; fileRef = 5378FD67128EDA5400D874FD /* MARuntime.h */; };
		5378FD6C128EDA5400D874FD /* MARuntime.m in Sources */ = {isa = PBXBuildFile; fileRef = 5378FD68128EDA5400D874FD /* MARuntime.m */; };
		5378FD6D128EDA5400D874FD /* RTClass.h in Headers */ = {isa = PBXBuildFile; fileRef = 5378FD69128EDA5400D874FD /* RTClass.h */; };
		5378FD6E128EDA5400D874FD /* RTClass.m in Sources */ = {isa = PBXBuildFile; fileRef = 5378FD6A128EDA5400D874FD /* RTClass.m */; };
		53B75DF5128E02D200430203 /* MARTNSObject.h in Headers */ = {isa = PBXBuildFile; fileRef = 53B75DE9128E02D200430203 /* MARTNSObject.h */; settings = {ATTRIBUTES = (Public, ); }; };
		53B75DF6128E02D200430203 /* MARTNSObject.m in Sources */ = {isa = PBXBuildFile; fileRef = 53B75DEA128E02D200430203 /* MARTNSObject.m */; };
		53B75DF7128E02D200430203 /* RTIvar.h in Headers */ = {isa = PBXBuildFile; fileRef = 53B75DEB128E02D200430203 /* RTIvar.h */; settings = {ATTRIBUTES = (Public, ); }; };
		53B75DF8128E02D200430203 /* RTIvar.m in Sources */ = {isa = PBXBuildFile; fileRef = 53B75DEC128E02D200430203 /* RTIvar.m */; };
		53B75DF9128E02D200430203 /* RTMethod.h in Headers */ = {isa = PBXBuildFile; fileRef = 53B75DED128E02D200430203 /* RTMethod.h */; settings = {ATTRIBUTES = (Public, ); }; };
		53B75DFA128E02D200430203 /* RTMethod.m in Sources */ = {isa = PBXBuildFile; fileRef = 53B75DEE128E02D200430203 /* RTMethod.m */; };
		53B75DFB128E02D200430203 /* RTProperty.h in Headers */ = {isa = PBXBuildFile; fileRef = 53B75DEF128E02D200430203 /* RTProperty.h */; settings = {ATTRIBUTES = (Public, ); }; };
		53B75DFC128E02D200430203 /* RTProperty.m in Sources */ = {isa = PBXBuildFile; fileRef = 53B75DF0128E02D200430203 /* RTProperty.m */; };
		53B75DFD128E02D200430203 /* RTProtocol.h in Headers */ = {isa = PBXBuildFile; fileRef = 53B75DF1128E02D200430203 /* RTProtocol.h */; settings = {ATTRIBUTES = (Public, ); }; };
		53B75DFE128E02D200430203 /* RTProtocol.m in Sources */ = {isa = PBXBuildFile; fileRef = 53B75DF2128E02D200430203 /* RTProtocol.m */; };
		53B75DFF128E02D200430203 /* RTUnregisteredClass.h in Headers */ = {isa = PBXBuildFile; fileRef = 53B75DF3128E02D200430203 /* RTUnregisteredClass.h */; settings = {ATTRIBUTES = (Public, ); }; };
		53B75E00128E02D200430203 /* RTUnregisteredClass.m in Sources */ = {isa = PBXBuildFile; fileRef = 53B75DF4128E02D200430203 /* RTUnregisteredClass.m */; };
		53B75E07128E02F300430203 /* MAObjCRuntime.h in Headers */ = {isa = PBXBuildFile; fileRef = 53B75E06128E02F300430203 /* MAObjCRuntime.h */; settings = {ATTRIBUTES = (Public, ); }; };
		8DC2EF530486A6940098B216 /* InfoPlist.strings in Resources */ = {isa = PBXBuildFile; fileRef = 089C1666FE841158C02AAC07 /* InfoPlist.strings */; };
		8DC2EF570486A6940098B216 /* Cocoa.framework in Frameworks */ = {isa = PBXBuildFile; fileRef = 1058C7B1FEA5585E11CA2CBB /* Cocoa.framework */; };
/* End PBXBuildFile section */

/* Begin PBXFileReference section */
		0867D69BFE84028FC02AAC07 /* Foundation.framework */ = {isa = PBXFileReference; lastKnownFileType = wrapper.framework; name = Foundation.framework; path = /System/Library/Frameworks/Foundation.framework; sourceTree = "<absolute>"; };
		0867D6A5FE840307C02AAC07 /* AppKit.framework */ = {isa = PBXFileReference; lastKnownFileType = wrapper.framework; name = AppKit.framework; path = /System/Library/Frameworks/AppKit.framework; sourceTree = "<absolute>"; };
		089C1667FE841158C02AAC07 /* English */ = {isa = PBXFileReference; fileEncoding = 4; lastKnownFileType = text.plist.strings; name = English; path = English.lproj/InfoPlist.strings; sourceTree = "<group>"; };
		1058C7B1FEA5585E11CA2CBB /* Cocoa.framework */ = {isa = PBXFileReference; lastKnownFileType = wrapper.framework; name = Cocoa.framework; path = /System/Library/Frameworks/Cocoa.framework; sourceTree = "<absolute>"; };
		32DBCF5E0370ADEE00C91783 /* MAObjCRuntime_Prefix.pch */ = {isa = PBXFileReference; fileEncoding = 4; lastKnownFileType = sourcecode.c.h; path = MAObjCRuntime_Prefix.pch; sourceTree = "<group>"; };
		5378FD67128EDA5400D874FD /* MARuntime.h */ = {isa = PBXFileReference; fileEncoding = 4; lastKnownFileType = sourcecode.c.h; path = MARuntime.h; sourceTree = "<group>"; };
		5378FD68128EDA5400D874FD /* MARuntime.m */ = {isa = PBXFileReference; fileEncoding = 4; lastKnownFileType = sourcecode.c.objc; path = MARuntime.m; sourceTree = "<group>"; };
		5378FD69128EDA5400D874FD /* RTClass.h */ = {isa = PBXFileReference; fileEncoding = 4; lastKnownFileType = sourcecode.c.h; path = RTClass.h; sourceTree = "<group>"; };
		5378FD6A128EDA5400D874FD /* RTClass.m */ = {isa = PBXFileReference; fileEncoding = 4; lastKnownFileType = sourcecode.c.objc; path = RTClass.m; sourceTree = "<group>"; };
		53B75DE9128E02D200430203 /* MARTNSObject.h */ = {isa = PBXFileReference; fileEncoding = 4; lastKnownFileType = sourcecode.c.h; path = MARTNSObject.h; sourceTree = "<group>"; };
		53B75DEA128E02D200430203 /* MARTNSObject.m */ = {isa = PBXFileReference; fileEncoding = 4; lastKnownFileType = sourcecode.c.objc; path = MARTNSObject.m; sourceTree = "<group>"; };
		53B75DEB128E02D200430203 /* RTIvar.h */ = {isa = PBXFileReference; fileEncoding = 4; lastKnownFileType = sourcecode.c.h; path = RTIvar.h; sourceTree = "<group>"; };
		53B75DEC128E02D200430203 /* RTIvar.m */ = {isa = PBXFileReference; fileEncoding = 4; lastKnownFileType = sourcecode.c.objc; path = RTIvar.m; sourceTree = "<group>"; };
		53B75DED128E02D200430203 /* RTMethod.h */ = {isa = PBXFileReference; fileEncoding = 4; lastKnownFileType = sourcecode.c.h; path = RTMethod.h; sourceTree = "<group>"; };
		53B75DEE128E02D200430203 /* RTMethod.m */ = {isa = PBXFileReference; fileEncoding = 4; lastKnownFileType = sourcecode.c.objc; path = RTMethod.m; sourceTree = "<group>"; };
		53B75DEF128E02D200430203 /* RTProperty.h */ = {isa = PBXFileReference; fileEncoding = 4; lastKnownFileType = sourcecode.c.h; path = RTProperty.h; sourceTree = "<group>"; };
		53B75DF0128E02D200430203 /* RTProperty.m */ = {isa = PBXFileReference; fileEncoding = 4; lastKnownFileType = sourcecode.c.objc; path = RTProperty.m; sourceTree = "<group>"; };
		53B75DF1128E02D200430203 /* RTProtocol.h */ = {isa = PBXFileReference; fileEncoding = 4; lastKnownFileType = sourcecode.c.h; path = RTProtocol.h; sourceTree = "<group>"; };
		53B75DF2128E02D200430203 /* RTProtocol.m */ = {isa = PBXFileReference; fileEncoding = 4; lastKnownFileType = sourcecode.c.objc; path = RTProtocol.m; sourceTree = "<group>"; };
		53B75DF3128E02D200430203 /* RTUnregisteredClass.h */ = {isa = PBXFileReference; fileEncoding = 4; lastKnownFileType = sourcecode.c.h; path = RTUnregisteredClass.h; sourceTree = "<group>"; };
		53B75DF4128E02D200430203 /* RTUnregisteredClass.m */ = {isa = PBXFileReference; fileEncoding = 4; lastKnownFileType = sourcecode.c.objc; path = RTUnregisteredClass.m; sourceTree = "<group>"; };
		53B75E06128E02F300430203 /* MAObjCRuntime.h */ = {isa = PBXFileReference; fileEncoding = 4; lastKnownFileType = sourcecode.c.h; name = MAObjCRuntime.h; path = Source/MAObjCRuntime.h; sourceTree = "<group>"; };
		8DC2EF5A0486A6940098B216 /* Info.plist */ = {isa = PBXFileReference; fileEncoding = 4; lastKnownFileType = text.plist.xml; path = Info.plist; sourceTree = "<group>"; };
		8DC2EF5B0486A6940098B216 /* MAObjCRuntime.framework */ = {isa = PBXFileReference; explicitFileType = wrapper.framework; includeInIndex = 0; path = MAObjCRuntime.framework; sourceTree = BUILT_PRODUCTS_DIR; };
		D2F7E79907B2D74100F64583 /* CoreData.framework */ = {isa = PBXFileReference; lastKnownFileType = wrapper.framework; name = CoreData.framework; path = /System/Library/Frameworks/CoreData.framework; sourceTree = "<absolute>"; };
/* End PBXFileReference section */

/* Begin PBXFrameworksBuildPhase section */
		8DC2EF560486A6940098B216 /* Frameworks */ = {
			isa = PBXFrameworksBuildPhase;
			buildActionMask = 2147483647;
			files = (
				8DC2EF570486A6940098B216 /* Cocoa.framework in Frameworks */,
			);
			runOnlyForDeploymentPostprocessing = 0;
		};
/* End PBXFrameworksBuildPhase section */

/* Begin PBXGroup section */
		034768DFFF38A50411DB9C8B /* Products */ = {
			isa = PBXGroup;
			children = (
				8DC2EF5B0486A6940098B216 /* MAObjCRuntime.framework */,
			);
			name = Products;
			sourceTree = "<group>";
		};
		0867D691FE84028FC02AAC07 /* MAObjCRuntime */ = {
			isa = PBXGroup;
			children = (
				53B75E06128E02F300430203 /* MAObjCRuntime.h */,
				53B75DE8128E02D200430203 /* Classes */,
				32C88DFF0371C24200C91783 /* Other Sources */,
				089C1665FE841158C02AAC07 /* Resources */,
				0867D69AFE84028FC02AAC07 /* External Frameworks and Libraries */,
				034768DFFF38A50411DB9C8B /* Products */,
			);
			name = MAObjCRuntime;
			sourceTree = "<group>";
		};
		0867D69AFE84028FC02AAC07 /* External Frameworks and Libraries */ = {
			isa = PBXGroup;
			children = (
				1058C7B0FEA5585E11CA2CBB /* Linked Frameworks */,
				1058C7B2FEA5585E11CA2CBB /* Other Frameworks */,
			);
			name = "External Frameworks and Libraries";
			sourceTree = "<group>";
		};
		089C1665FE841158C02AAC07 /* Resources */ = {
			isa = PBXGroup;
			children = (
				8DC2EF5A0486A6940098B216 /* Info.plist */,
				089C1666FE841158C02AAC07 /* InfoPlist.strings */,
			);
			name = Resources;
			sourceTree = "<group>";
		};
		1058C7B0FEA5585E11CA2CBB /* Linked Frameworks */ = {
			isa = PBXGroup;
			children = (
				1058C7B1FEA5585E11CA2CBB /* Cocoa.framework */,
			);
			name = "Linked Frameworks";
			sourceTree = "<group>";
		};
		1058C7B2FEA5585E11CA2CBB /* Other Frameworks */ = {
			isa = PBXGroup;
			children = (
				0867D6A5FE840307C02AAC07 /* AppKit.framework */,
				D2F7E79907B2D74100F64583 /* CoreData.framework */,
				0867D69BFE84028FC02AAC07 /* Foundation.framework */,
			);
			name = "Other Frameworks";
			sourceTree = "<group>";
		};
		32C88DFF0371C24200C91783 /* Other Sources */ = {
			isa = PBXGroup;
			children = (
				32DBCF5E0370ADEE00C91783 /* MAObjCRuntime_Prefix.pch */,
			);
			name = "Other Sources";
			sourceTree = "<group>";
		};
		53B75DE8128E02D200430203 /* Classes */ = {
			isa = PBXGroup;
			children = (
				53B75DE9128E02D200430203 /* MARTNSObject.h */,
				53B75DEA128E02D200430203 /* MARTNSObject.m */,
				5378FD67128EDA5400D874FD /* MARuntime.h */,
				5378FD68128EDA5400D874FD /* MARuntime.m */,
				5378FD69128EDA5400D874FD /* RTClass.h */,
				5378FD6A128EDA5400D874FD /* RTClass.m */,
				53B75DEB128E02D200430203 /* RTIvar.h */,
				53B75DEC128E02D200430203 /* RTIvar.m */,
				53B75DED128E02D200430203 /* RTMethod.h */,
				53B75DEE128E02D200430203 /* RTMethod.m */,
				53B75DEF128E02D200430203 /* RTProperty.h */,
				53B75DF0128E02D200430203 /* RTProperty.m */,
				53B75DF1128E02D200430203 /* RTProtocol.h */,
				53B75DF2128E02D200430203 /* RTProtocol.m */,
				53B75DF3128E02D200430203 /* RTUnregisteredClass.h */,
				53B75DF4128E02D200430203 /* RTUnregisteredClass.m */,
			);
			name = Classes;
			path = Source/Classes;
			sourceTree = "<group>";
		};
/* End PBXGroup section */

/* Begin PBXHeadersBuildPhase section */
		8DC2EF500486A6940098B216 /* Headers */ = {
			isa = PBXHeadersBuildPhase;
			buildActionMask = 2147483647;
			files = (
				53B75DF5128E02D200430203 /* MARTNSObject.h in Headers */,
				53B75DF7128E02D200430203 /* RTIvar.h in Headers */,
				53B75DF9128E02D200430203 /* RTMethod.h in Headers */,
				53B75DFB128E02D200430203 /* RTProperty.h in Headers */,
				53B75DFD128E02D200430203 /* RTProtocol.h in Headers */,
				53B75DFF128E02D200430203 /* RTUnregisteredClass.h in Headers */,
				53B75E07128E02F300430203 /* MAObjCRuntime.h in Headers */,
				5378FD6B128EDA5400D874FD /* MARuntime.h in Headers */,
				5378FD6D128EDA5400D874FD /* RTClass.h in Headers */,
			);
			runOnlyForDeploymentPostprocessing = 0;
		};
/* End PBXHeadersBuildPhase section */

/* Begin PBXNativeTarget section */
		8DC2EF4F0486A6940098B216 /* MAObjCRuntime */ = {
			isa = PBXNativeTarget;
			buildConfigurationList = 1DEB91AD08733DA50010E9CD /* Build configuration list for PBXNativeTarget "MAObjCRuntime" */;
			buildPhases = (
				8DC2EF500486A6940098B216 /* Headers */,
				8DC2EF520486A6940098B216 /* Resources */,
				8DC2EF540486A6940098B216 /* Sources */,
				8DC2EF560486A6940098B216 /* Frameworks */,
			);
			buildRules = (
			);
			dependencies = (
			);
			name = MAObjCRuntime;
			productInstallPath = "$(HOME)/Library/Frameworks";
			productName = MAObjCRuntime;
			productReference = 8DC2EF5B0486A6940098B216 /* MAObjCRuntime.framework */;
			productType = "com.apple.product-type.framework";
		};
/* End PBXNativeTarget section */

/* Begin PBXProject section */
		0867D690FE84028FC02AAC07 /* Project object */ = {
			isa = PBXProject;
			buildConfigurationList = 1DEB91B108733DA50010E9CD /* Build configuration list for PBXProject "MAObjCRuntime" */;
			compatibilityVersion = "Xcode 3.1";
			developmentRegion = English;
			hasScannedForEncodings = 1;
			knownRegions = (
				English,
				Japanese,
				French,
				German,
			);
			mainGroup = 0867D691FE84028FC02AAC07 /* MAObjCRuntime */;
			productRefGroup = 034768DFFF38A50411DB9C8B /* Products */;
			projectDirPath = "";
			projectRoot = "";
			targets = (
				8DC2EF4F0486A6940098B216 /* MAObjCRuntime */,
			);
		};
/* End PBXProject section */

/* Begin PBXResourcesBuildPhase section */
		8DC2EF520486A6940098B216 /* Resources */ = {
			isa = PBXResourcesBuildPhase;
			buildActionMask = 2147483647;
			files = (
				8DC2EF530486A6940098B216 /* InfoPlist.strings in Resources */,
			);
			runOnlyForDeploymentPostprocessing = 0;
		};
/* End PBXResourcesBuildPhase section */

/* Begin PBXSourcesBuildPhase section */
		8DC2EF540486A6940098B216 /* Sources */ = {
			isa = PBXSourcesBuildPhase;
			buildActionMask = 2147483647;
			files = (
				53B75DF6128E02D200430203 /* MARTNSObject.m in Sources */,
				53B75DF8128E02D200430203 /* RTIvar.m in Sources */,
				53B75DFA128E02D200430203 /* RTMethod.m in Sources */,
				53B75DFC128E02D200430203 /* RTProperty.m in Sources */,
				53B75DFE128E02D200430203 /* RTProtocol.m in Sources */,
				53B75E00128E02D200430203 /* RTUnregisteredClass.m in Sources */,
				5378FD6C128EDA5400D874FD /* MARuntime.m in Sources */,
				5378FD6E128EDA5400D874FD /* RTClass.m in Sources */,
			);
			runOnlyForDeploymentPostprocessing = 0;
		};
/* End PBXSourcesBuildPhase section */

/* Begin PBXVariantGroup section */
		089C1666FE841158C02AAC07 /* InfoPlist.strings */ = {
			isa = PBXVariantGroup;
			children = (
				089C1667FE841158C02AAC07 /* English */,
			);
			name = InfoPlist.strings;
			sourceTree = "<group>";
		};
/* End PBXVariantGroup section */

/* Begin XCBuildConfiguration section */
		1DEB91AE08733DA50010E9CD /* Debug */ = {
			isa = XCBuildConfiguration;
			buildSettings = {
				ALWAYS_SEARCH_USER_PATHS = NO;
				COPY_PHASE_STRIP = NO;
				DYLIB_COMPATIBILITY_VERSION = 1;
				DYLIB_CURRENT_VERSION = 1;
				FRAMEWORK_VERSION = A;
				GCC_DYNAMIC_NO_PIC = NO;
				GCC_ENABLE_FIX_AND_CONTINUE = YES;
				GCC_MODEL_TUNING = G5;
				GCC_OPTIMIZATION_LEVEL = 0;
				GCC_PRECOMPILE_PREFIX_HEADER = YES;
				GCC_PREFIX_HEADER = MAObjCRuntime_Prefix.pch;
				INFOPLIST_FILE = Info.plist;
				INSTALL_PATH = "$(HOME)/Library/Frameworks";
				LD_DYLIB_INSTALL_NAME = "@loader_path/Frameworks/$(EXECUTABLE_PATH)";
				PRODUCT_NAME = MAObjCRuntime;
				WRAPPER_EXTENSION = framework;
			};
			name = Debug;
		};
		1DEB91AF08733DA50010E9CD /* Release */ = {
			isa = XCBuildConfiguration;
			buildSettings = {
				ALWAYS_SEARCH_USER_PATHS = NO;
				DEBUG_INFORMATION_FORMAT = "dwarf-with-dsym";
				DYLIB_COMPATIBILITY_VERSION = 1;
				DYLIB_CURRENT_VERSION = 1;
				FRAMEWORK_VERSION = A;
				GCC_MODEL_TUNING = G5;
				GCC_PRECOMPILE_PREFIX_HEADER = YES;
				GCC_PREFIX_HEADER = MAObjCRuntime_Prefix.pch;
				INFOPLIST_FILE = Info.plist;
				INSTALL_PATH = "$(HOME)/Library/Frameworks";
				LD_DYLIB_INSTALL_NAME = "@loader_path/Frameworks/$(EXECUTABLE_PATH)";
				PRODUCT_NAME = MAObjCRuntime;
				WRAPPER_EXTENSION = framework;
			};
			name = Release;
		};
		1DEB91B208733DA50010E9CD /* Debug */ = {
			isa = XCBuildConfiguration;
			buildSettings = {
				ARCHS = "$(ARCHS_STANDARD_32_64_BIT)";
				GCC_C_LANGUAGE_STANDARD = gnu99;
				GCC_OPTIMIZATION_LEVEL = 0;
				GCC_WARN_ABOUT_RETURN_TYPE = YES;
				GCC_WARN_UNUSED_VARIABLE = YES;
				ONLY_ACTIVE_ARCH = YES;
				PREBINDING = NO;
				SDKROOT = macosx10.6;
			};
			name = Debug;
		};
		1DEB91B308733DA50010E9CD /* Release */ = {
			isa = XCBuildConfiguration;
			buildSettings = {
				ARCHS = "$(ARCHS_STANDARD_32_64_BIT)";
				GCC_C_LANGUAGE_STANDARD = gnu99;
				GCC_WARN_ABOUT_RETURN_TYPE = YES;
				GCC_WARN_UNUSED_VARIABLE = YES;
				PREBINDING = NO;
				SDKROOT = macosx10.6;
			};
			name = Release;
		};
/* End XCBuildConfiguration section */

/* Begin XCConfigurationList section */
		1DEB91AD08733DA50010E9CD /* Build configuration list for PBXNativeTarget "MAObjCRuntime" */ = {
			isa = XCConfigurationList;
			buildConfigurations = (
				1DEB91AE08733DA50010E9CD /* Debug */,
				1DEB91AF08733DA50010E9CD /* Release */,
			);
			defaultConfigurationIsVisible = 0;
			defaultConfigurationName = Release;
		};
		1DEB91B108733DA50010E9CD /* Build configuration list for PBXProject "MAObjCRuntime" */ = {
			isa = XCConfigurationList;
			buildConfigurations = (
				1DEB91B208733DA50010E9CD /* Debug */,
				1DEB91B308733DA50010E9CD /* Release */,
			);
			defaultConfigurationIsVisible = 0;
			defaultConfigurationName = Release;
		};
/* End XCConfigurationList section */
	};
	rootObject = 0867D690FE84028FC02AAC07 /* Project object */;
}
